
Microsoft Visual Studio Solution File, Format Version 12.00
# Visual Studio Version 16
VisualStudioVersion = 16.0.29728.190
MinimumVisualStudioVersion = 10.0.40219.1
Project("{9A19103F-16F7-4668-BE54-9A1E7A4F7556}") = "Dungeon", "ConsoleApp1\Dungeon.csproj", "{104B736C-C5A4-4BF4-A4FB-4943A0F8447E}"
EndProject
Global
	GlobalSection(SolutionConfigurationPlatforms) = preSolution
		Debug|Any CPU = Debug|Any CPU
		Release|Any CPU = Release|Any CPU
	EndGlobalSection
	GlobalSection(ProjectConfigurationPlatforms) = postSolution
		{104B736C-C5A4-4BF4-A4FB-4943A0F8447E}.Debug|Any CPU.ActiveCfg = Debug|Any CPU
		{104B736C-C5A4-4BF4-A4FB-4943A0F8447E}.Debug|Any CPU.Build.0 = Debug|Any CPU
		{104B736C-C5A4-4BF4-A4FB-4943A0F8447E}.Release|Any CPU.ActiveCfg = Release|Any CPU
		{104B736C-C5A4-4BF4-A4FB-4943A0F8447E}.Release|Any CPU.Build.0 = Release|Any CPU
	EndGlobalSection
	GlobalSection(SolutionProperties) = preSolution
		HideSolutionNode = FALSE
	EndGlobalSection
	GlobalSection(ExtensibilityGlobals) = postSolution
		SolutionGuid = {21B32732-B8BF-4391-856B-2AEFF13B2BBA}
	EndGlobalSection
EndGlobal
